# This file is automatically @generated by Cargo.
# It is not intended for manual editing.
version = 4

[[package]]
name = "common_structs"
version = "0.1.0"
source = "git+https://github.com/rusty-drone-2024/common-structs.git#7ddec2921cd5de8418637ff653d3a824ec95785c"
dependencies = [
 "leaf",
 "message",
 "types",
]

[[package]]
name = "crossbeam-channel"
version = "0.5.14"
source = "registry+https://github.com/rust-lang/crates.io-index"
checksum = "06ba6d68e24814cb8de6bb986db8222d3a027d15872cabc0d18817bc3c0e4471"
dependencies = [
 "crossbeam-utils",
]

[[package]]
name = "crossbeam-utils"
version = "0.8.21"
source = "registry+https://github.com/rust-lang/crates.io-index"
checksum = "d0a5c400df2834b80a4c3327b3aad3a4c4cd4de0629063962b03235697506a28"

[[package]]
name = "either"
version = "1.13.0"
source = "registry+https://github.com/rust-lang/crates.io-index"
checksum = "60b1af1c220855b6ceac025d3f6ecdd2b7c4894bfe9cd9bda4fbb4bc7c0d4cf0"

[[package]]
name = "itoa"
version = "1.0.14"
source = "registry+https://github.com/rust-lang/crates.io-index"
checksum = "d75a2a4b1b190afb6f5425f10f6a8f959d2ea0b9c2b1d79553551850539e4674"

[[package]]
name = "leaf"
version = "0.1.0"
source = "git+https://github.com/rusty-drone-2024/common-structs.git#7ddec2921cd5de8418637ff653d3a824ec95785c"
dependencies = [
 "crossbeam-channel",
 "message",
 "types",
 "wg_2024",
]

[[package]]
name = "log"
version = "0.4.25"
source = "registry+https://github.com/rust-lang/crates.io-index"
checksum = "04cbf5b083de1c7e0222a7a51dbfdba1cbe1c6ab0b15e29fff3f6c077fd9cd9f"

[[package]]
name = "memchr"
version = "2.7.4"
source = "registry+https://github.com/rust-lang/crates.io-index"
checksum = "78ca9ab1a0babb1e7d5695e3530886289c18cf2f87ec19a575a0abdce112e3a3"

[[package]]
name = "message"
version = "0.1.0"
source = "git+https://github.com/rusty-drone-2024/common-structs.git#7ddec2921cd5de8418637ff653d3a824ec95785c"
dependencies = [
 "serde",
 "serde_json",
 "wg_2024",
]

[[package]]
name = "proc-macro2"
version = "1.0.93"
source = "registry+https://github.com/rust-lang/crates.io-index"
checksum = "60946a68e5f9d28b0dc1c21bb8a97ee7d018a8b322fa57838ba31cc878e22d99"
dependencies = [
 "unicode-ident",
]

[[package]]
name = "quote"
version = "1.0.38"
source = "registry+https://github.com/rust-lang/crates.io-index"
checksum = "0e4dccaaaf89514f546c693ddc140f729f958c247918a13380cccc6078391acc"
dependencies = [
 "proc-macro2",
]

[[package]]
name = "rusty-drones-servers"
version = "1.0.0"
dependencies = [
 "common_structs",
 "crossbeam-channel",
 "either",
 "log",
 "wg_2024",
]

[[package]]
name = "ryu"
version = "1.0.19"
source = "registry+https://github.com/rust-lang/crates.io-index"
checksum = "6ea1a2d0a644769cc99faa24c3ad26b379b786fe7c36fd3c546254801650e6dd"

[[package]]
name = "serde"
version = "1.0.217"
source = "registry+https://github.com/rust-lang/crates.io-index"
checksum = "02fc4265df13d6fa1d00ecff087228cc0a2b5f3c0e87e258d8b94a156e984c70"
dependencies = [
 "serde_derive",
]

[[package]]
name = "serde_derive"
version = "1.0.217"
source = "registry+https://github.com/rust-lang/crates.io-index"
checksum = "5a9bf7cf98d04a2b28aead066b7496853d4779c9cc183c440dbac457641e19a0"
dependencies = [
 "proc-macro2",
 "quote",
 "syn",
]

[[package]]
name = "serde_json"
version = "1.0.138"
source = "registry+https://github.com/rust-lang/crates.io-index"
checksum = "d434192e7da787e94a6ea7e9670b26a036d0ca41e0b7efb2676dd32bae872949"
dependencies = [
 "itoa",
 "memchr",
 "ryu",
 "serde",
]

[[package]]
name = "syn"
version = "2.0.98"
source = "registry+https://github.com/rust-lang/crates.io-index"
checksum = "36147f1a48ae0ec2b5b3bc5b537d267457555a10dc06f3dbc8cb11ba3006d3b1"
dependencies = [
 "proc-macro2",
 "quote",
 "unicode-ident",
]

[[package]]
name = "types"
version = "0.1.0"
source = "git+https://github.com/rusty-drone-2024/common-structs.git#7ddec2921cd5de8418637ff653d3a824ec95785c"
dependencies = [
 "wg_2024",
]

[[package]]
name = "unicode-ident"
version = "1.0.16"
source = "registry+https://github.com/rust-lang/crates.io-index"
checksum = "a210d160f08b701c8721ba1c726c11662f877ea6b7094007e1ca9a1041945034"

[[package]]
name = "wg_2024"
version = "0.1.0"
source = "git+https://github.com/WGL-2024/WGL_repo_2024.git#07520dfe921a9050a1d69c96ae80436fe24e6155"
dependencies = [
 "wg_internal",
]

[[package]]
name = "wg_config"
version = "0.1.0"
source = "git+https://github.com/WGL-2024/WGL_repo_2024.git#07520dfe921a9050a1d69c96ae80436fe24e6155"
dependencies = [
 "serde",
 "wg_network",
]

[[package]]
name = "wg_controller"
version = "0.1.0"
source = "git+https://github.com/WGL-2024/WGL_repo_2024.git#07520dfe921a9050a1d69c96ae80436fe24e6155"
dependencies = [
 "crossbeam-channel",
 "wg_network",
 "wg_packet",
]

[[package]]
name = "wg_drone"
version = "0.1.0"
source = "git+https://github.com/WGL-2024/WGL_repo_2024.git#07520dfe921a9050a1d69c96ae80436fe24e6155"
dependencies = [
 "crossbeam-channel",
 "wg_controller",
 "wg_network",
 "wg_packet",
]

[[package]]
name = "wg_internal"
version = "0.1.0"
source = "git+https://github.com/WGL-2024/WGL_repo_2024.git#07520dfe921a9050a1d69c96ae80436fe24e6155"
dependencies = [
 "wg_config",
 "wg_controller",
 "wg_drone",
 "wg_network",
 "wg_packet",
 "wg_tests",
]

[[package]]
name = "wg_network"
version = "0.1.0"
source = "git+https://github.com/WGL-2024/WGL_repo_2024.git#07520dfe921a9050a1d69c96ae80436fe24e6155"

[[package]]
name = "wg_packet"
version = "0.1.0"
source = "git+https://github.com/WGL-2024/WGL_repo_2024.git#07520dfe921a9050a1d69c96ae80436fe24e6155"
dependencies = [
 "wg_network",
]

[[package]]
name = "wg_tests"
version = "0.1.0"
source = "git+https://github.com/WGL-2024/WGL_repo_2024.git#07520dfe921a9050a1d69c96ae80436fe24e6155"
dependencies = [
 "crossbeam-channel",
 "wg_controller",
 "wg_drone",
 "wg_network",
 "wg_packet",
]
